// !$*UTF8*$!
{
	archiveVersion = 1;
	classes = {
	};
	objectVersion = 52;
	objects = {

/* Begin PBXBuildFile section */
		4E09EA2E275424A60033BCAD /* NoteViewUI.swift in Sources */ = {isa = PBXBuildFile; fileRef = 4E09EA2D275424A60033BCAD /* NoteViewUI.swift */; };
		4E101DF426EF3586009800FB /* C1NavigationView.swift in Sources */ = {isa = PBXBuildFile; fileRef = 4E101DF326EF3586009800FB /* C1NavigationView.swift */; };
		4E13C4D726E93E840089D365 /* NoteItem+CoreDataClass.swift in Sources */ = {isa = PBXBuildFile; fileRef = 4E13C4D326E93E840089D365 /* NoteItem+CoreDataClass.swift */; };
		4E13C4D826E93E840089D365 /* NoteItem+CoreDataProperties.swift in Sources */ = {isa = PBXBuildFile; fileRef = 4E13C4D426E93E840089D365 /* NoteItem+CoreDataProperties.swift */; };
		4E13C4D926E93E840089D365 /* Note+CoreDataClass.swift in Sources */ = {isa = PBXBuildFile; fileRef = 4E13C4D526E93E840089D365 /* Note+CoreDataClass.swift */; };
		4E13C4DA26E93E840089D365 /* Note+CoreDataProperties.swift in Sources */ = {isa = PBXBuildFile; fileRef = 4E13C4D626E93E840089D365 /* Note+CoreDataProperties.swift */; };
		4E143215270F0BBD0041A989 /* ListForGroupDetail.swift in Sources */ = {isa = PBXBuildFile; fileRef = 4E143214270F0BBD0041A989 /* ListForGroupDetail.swift */; };
		4E21170E273E712F00A2A292 /* C1NoteView.swift in Sources */ = {isa = PBXBuildFile; fileRef = 4E21170D273E712F00A2A292 /* C1NoteView.swift */; };
		4E2D626B26F9234500C079D7 /* GroupType+CoreDataClass.swift in Sources */ = {isa = PBXBuildFile; fileRef = 4E2D626926F9234500C079D7 /* GroupType+CoreDataClass.swift */; };
		4E2D626C26F9234500C079D7 /* GroupType+CoreDataProperties.swift in Sources */ = {isa = PBXBuildFile; fileRef = 4E2D626A26F9234500C079D7 /* GroupType+CoreDataProperties.swift */; };
		4E5984E9272152CB006F6A7B /* C1NavViewModel.swift in Sources */ = {isa = PBXBuildFile; fileRef = 4E5984E8272152CB006F6A7B /* C1NavViewModel.swift */; };
		4E5984EB272158AF006F6A7B /* Extensions.swift in Sources */ = {isa = PBXBuildFile; fileRef = 4E5984EA272158AF006F6A7B /* Extensions.swift */; };
		4E60007D26FD0F7800AFE192 /* BarButton.swift in Sources */ = {isa = PBXBuildFile; fileRef = 4E60007C26FD0F7800AFE192 /* BarButton.swift */; };
		4E6F7745270A326700613FCE /* NoteView.swift in Sources */ = {isa = PBXBuildFile; fileRef = 4E6F7744270A326700613FCE /* NoteView.swift */; };
		4E7588A3270513E9004B38C1 /* GroupDetailView.swift in Sources */ = {isa = PBXBuildFile; fileRef = 4E7588A2270513E9004B38C1 /* GroupDetailView.swift */; };
		4E75D529273C3C1B00B7806D /* ItemListObjectModel.swift in Sources */ = {isa = PBXBuildFile; fileRef = 4E75D528273C3C1B00B7806D /* ItemListObjectModel.swift */; };
		4E8FA5432750041700C6F66E /* UINoteTableViewController.swift in Sources */ = {isa = PBXBuildFile; fileRef = 4E8FA5422750041700C6F66E /* UINoteTableViewController.swift */; };
		4E901A2D26E6813900249C15 /* BlockNoteApp.swift in Sources */ = {isa = PBXBuildFile; fileRef = 4E901A2C26E6813900249C15 /* BlockNoteApp.swift */; };
		4E901A2F26E6813900249C15 /* ContentView.swift in Sources */ = {isa = PBXBuildFile; fileRef = 4E901A2E26E6813900249C15 /* ContentView.swift */; };
		4E901A3126E6813C00249C15 /* Assets.xcassets in Resources */ = {isa = PBXBuildFile; fileRef = 4E901A3026E6813C00249C15 /* Assets.xcassets */; };
		4E901A3426E6813C00249C15 /* Preview Assets.xcassets in Resources */ = {isa = PBXBuildFile; fileRef = 4E901A3326E6813C00249C15 /* Preview Assets.xcassets */; };
		4E901A3626E6813C00249C15 /* Persistence.swift in Sources */ = {isa = PBXBuildFile; fileRef = 4E901A3526E6813C00249C15 /* Persistence.swift */; };
		4E901A3926E6813C00249C15 /* BlockNote.xcdatamodeld in Sources */ = {isa = PBXBuildFile; fileRef = 4E901A3726E6813C00249C15 /* BlockNote.xcdatamodeld */; };
		4E95CB602755747A0011D076 /* CellNoteView.swift in Sources */ = {isa = PBXBuildFile; fileRef = 4E95CB5F2755747A0011D076 /* CellNoteView.swift */; };
		4EAE6FD8270E14140018072C /* NoteListDebug.swift in Sources */ = {isa = PBXBuildFile; fileRef = 4EAE6FD7270E14140018072C /* NoteListDebug.swift */; };
		4EB0E6BB274F7716001839F2 /* UINoteView.storyboard in Resources */ = {isa = PBXBuildFile; fileRef = 4EB0E6BA274F7716001839F2 /* UINoteView.storyboard */; };
		4EB197A3273346D7003BDA61 /* buttonTest.swift in Sources */ = {isa = PBXBuildFile; fileRef = 4EB197A2273346D7003BDA61 /* buttonTest.swift */; };
		4EC91E2C273A95C100174E4C /* ItemListObjectView.swift in Sources */ = {isa = PBXBuildFile; fileRef = 4EC91E2B273A95C100174E4C /* ItemListObjectView.swift */; };
		4ECB305E272AD5AE003B3483 /* GroupCreateView.swift in Sources */ = {isa = PBXBuildFile; fileRef = 4ECB305D272AD5AE003B3483 /* GroupCreateView.swift */; };
		4EDD39F42751590A00AEC8FC /* NotePageViewController.swift in Sources */ = {isa = PBXBuildFile; fileRef = 4EDD39F32751590A00AEC8FC /* NotePageViewController.swift */; };
		4EF0ABAB26FB9458008EF8AE /* GridObject.swift in Sources */ = {isa = PBXBuildFile; fileRef = 4EF0ABAA26FB9458008EF8AE /* GridObject.swift */; };
		4EF45C2E275149AF00FBBAFC /* SwiftUIKitView in Frameworks */ = {isa = PBXBuildFile; productRef = 4EF45C2D275149AF00FBBAFC /* SwiftUIKitView */; };
		4EF45C3127514C0100FBBAFC /* NotePage.swift in Sources */ = {isa = PBXBuildFile; fileRef = 4EF45C3027514C0100FBBAFC /* NotePage.swift */; };
/* End PBXBuildFile section */

/* Begin PBXContainerItemProxy section */
		4E13131C270F626E00FF6A8D /* PBXContainerItemProxy */ = {
			isa = PBXContainerItemProxy;
			containerPortal = 4E131318270F626D00FF6A8D /* CoreDataTest.xcodeproj */;
			proxyType = 2;
			remoteGlobalIDString = 4E131301270F626A00FF6A8D;
			remoteInfo = CoreDataTest;
		};
/* End PBXContainerItemProxy section */

/* Begin PBXFileReference section */
		4E09EA2D275424A60033BCAD /* NoteViewUI.swift */ = {isa = PBXFileReference; lastKnownFileType = sourcecode.swift; path = NoteViewUI.swift; sourceTree = "<group>"; };
		4E101DF326EF3586009800FB /* C1NavigationView.swift */ = {isa = PBXFileReference; lastKnownFileType = sourcecode.swift; path = C1NavigationView.swift; sourceTree = "<group>"; };
		4E131318270F626D00FF6A8D /* CoreDataTest.xcodeproj */ = {isa = PBXFileReference; lastKnownFileType = "wrapper.pb-project"; name = CoreDataTest.xcodeproj; path = ../../CoreDataTest/CoreDataTest.xcodeproj; sourceTree = "<group>"; };
		4E13C4D326E93E840089D365 /* NoteItem+CoreDataClass.swift */ = {isa = PBXFileReference; lastKnownFileType = sourcecode.swift; path = "NoteItem+CoreDataClass.swift"; sourceTree = "<group>"; };
		4E13C4D426E93E840089D365 /* NoteItem+CoreDataProperties.swift */ = {isa = PBXFileReference; lastKnownFileType = sourcecode.swift; path = "NoteItem+CoreDataProperties.swift"; sourceTree = "<group>"; };
		4E13C4D526E93E840089D365 /* Note+CoreDataClass.swift */ = {isa = PBXFileReference; lastKnownFileType = sourcecode.swift; path = "Note+CoreDataClass.swift"; sourceTree = "<group>"; };
		4E13C4D626E93E840089D365 /* Note+CoreDataProperties.swift */ = {isa = PBXFileReference; lastKnownFileType = sourcecode.swift; path = "Note+CoreDataProperties.swift"; sourceTree = "<group>"; };
		4E143214270F0BBD0041A989 /* ListForGroupDetail.swift */ = {isa = PBXFileReference; lastKnownFileType = sourcecode.swift; path = ListForGroupDetail.swift; sourceTree = "<group>"; };
		4E21170D273E712F00A2A292 /* C1NoteView.swift */ = {isa = PBXFileReference; lastKnownFileType = sourcecode.swift; path = C1NoteView.swift; sourceTree = "<group>"; };
		4E2D626926F9234500C079D7 /* GroupType+CoreDataClass.swift */ = {isa = PBXFileReference; lastKnownFileType = sourcecode.swift; path = "GroupType+CoreDataClass.swift"; sourceTree = "<group>"; };
		4E2D626A26F9234500C079D7 /* GroupType+CoreDataProperties.swift */ = {isa = PBXFileReference; lastKnownFileType = sourcecode.swift; path = "GroupType+CoreDataProperties.swift"; sourceTree = "<group>"; };
		4E5984E8272152CB006F6A7B /* C1NavViewModel.swift */ = {isa = PBXFileReference; lastKnownFileType = sourcecode.swift; path = C1NavViewModel.swift; sourceTree = "<group>"; };
		4E5984EA272158AF006F6A7B /* Extensions.swift */ = {isa = PBXFileReference; lastKnownFileType = sourcecode.swift; path = Extensions.swift; sourceTree = "<group>"; };
		4E60007C26FD0F7800AFE192 /* BarButton.swift */ = {isa = PBXFileReference; lastKnownFileType = sourcecode.swift; path = BarButton.swift; sourceTree = "<group>"; };
		4E6F7744270A326700613FCE /* NoteView.swift */ = {isa = PBXFileReference; lastKnownFileType = sourcecode.swift; path = NoteView.swift; sourceTree = "<group>"; };
		4E7588A2270513E9004B38C1 /* GroupDetailView.swift */ = {isa = PBXFileReference; lastKnownFileType = sourcecode.swift; path = GroupDetailView.swift; sourceTree = "<group>"; };
		4E75D528273C3C1B00B7806D /* ItemListObjectModel.swift */ = {isa = PBXFileReference; lastKnownFileType = sourcecode.swift; path = ItemListObjectModel.swift; sourceTree = "<group>"; };
		4E8FA5422750041700C6F66E /* UINoteTableViewController.swift */ = {isa = PBXFileReference; lastKnownFileType = sourcecode.swift; path = UINoteTableViewController.swift; sourceTree = "<group>"; };
		4E901A2926E6813900249C15 /* BlockNote.app */ = {isa = PBXFileReference; explicitFileType = wrapper.application; includeInIndex = 0; path = BlockNote.app; sourceTree = BUILT_PRODUCTS_DIR; };
		4E901A2C26E6813900249C15 /* BlockNoteApp.swift */ = {isa = PBXFileReference; lastKnownFileType = sourcecode.swift; path = BlockNoteApp.swift; sourceTree = "<group>"; };
		4E901A2E26E6813900249C15 /* ContentView.swift */ = {isa = PBXFileReference; lastKnownFileType = sourcecode.swift; path = ContentView.swift; sourceTree = "<group>"; };
		4E901A3026E6813C00249C15 /* Assets.xcassets */ = {isa = PBXFileReference; lastKnownFileType = folder.assetcatalog; path = Assets.xcassets; sourceTree = "<group>"; };
		4E901A3326E6813C00249C15 /* Preview Assets.xcassets */ = {isa = PBXFileReference; lastKnownFileType = folder.assetcatalog; path = "Preview Assets.xcassets"; sourceTree = "<group>"; };
		4E901A3526E6813C00249C15 /* Persistence.swift */ = {isa = PBXFileReference; lastKnownFileType = sourcecode.swift; path = Persistence.swift; sourceTree = "<group>"; };
		4E901A3826E6813C00249C15 /* BlockNote.xcdatamodel */ = {isa = PBXFileReference; lastKnownFileType = wrapper.xcdatamodel; path = BlockNote.xcdatamodel; sourceTree = "<group>"; };
		4E901A3A26E6813C00249C15 /* Info.plist */ = {isa = PBXFileReference; lastKnownFileType = text.plist.xml; path = Info.plist; sourceTree = "<group>"; };
		4E95CB5F2755747A0011D076 /* CellNoteView.swift */ = {isa = PBXFileReference; lastKnownFileType = sourcecode.swift; path = CellNoteView.swift; sourceTree = "<group>"; };
		4EAE6FD7270E14140018072C /* NoteListDebug.swift */ = {isa = PBXFileReference; lastKnownFileType = sourcecode.swift; path = NoteListDebug.swift; sourceTree = "<group>"; };
		4EB0E6BA274F7716001839F2 /* UINoteView.storyboard */ = {isa = PBXFileReference; lastKnownFileType = file.storyboard; path = UINoteView.storyboard; sourceTree = "<group>"; };
		4EB197A2273346D7003BDA61 /* buttonTest.swift */ = {isa = PBXFileReference; lastKnownFileType = sourcecode.swift; path = buttonTest.swift; sourceTree = "<group>"; };
		4EC91E2B273A95C100174E4C /* ItemListObjectView.swift */ = {isa = PBXFileReference; lastKnownFileType = sourcecode.swift; path = ItemListObjectView.swift; sourceTree = "<group>"; };
		4ECB305D272AD5AE003B3483 /* GroupCreateView.swift */ = {isa = PBXFileReference; lastKnownFileType = sourcecode.swift; path = GroupCreateView.swift; sourceTree = "<group>"; };
		4EDD39F32751590A00AEC8FC /* NotePageViewController.swift */ = {isa = PBXFileReference; lastKnownFileType = sourcecode.swift; path = NotePageViewController.swift; sourceTree = "<group>"; };
		4EF0ABAA26FB9458008EF8AE /* GridObject.swift */ = {isa = PBXFileReference; lastKnownFileType = sourcecode.swift; path = GridObject.swift; sourceTree = "<group>"; };
		4EF45C3027514C0100FBBAFC /* NotePage.swift */ = {isa = PBXFileReference; lastKnownFileType = sourcecode.swift; path = NotePage.swift; sourceTree = "<group>"; };
/* End PBXFileReference section */

/* Begin PBXFrameworksBuildPhase section */
		4E901A2626E6813900249C15 /* Frameworks */ = {
			isa = PBXFrameworksBuildPhase;
			buildActionMask = 2147483647;
			files = (
				4EF45C2E275149AF00FBBAFC /* SwiftUIKitView in Frameworks */,
			);
			runOnlyForDeploymentPostprocessing = 0;
		};
/* End PBXFrameworksBuildPhase section */

/* Begin PBXGroup section */
		4E09EA30275424AB0033BCAD /* Test */ = {
			isa = PBXGroup;
			children = (
				4E09EA2D275424A60033BCAD /* NoteViewUI.swift */,
				4E95CB5F2755747A0011D076 /* CellNoteView.swift */,
			);
			path = Test;
			sourceTree = "<group>";
		};
		4E101DF526EF358A009800FB /* Views */ = {
			isa = PBXGroup;
			children = (
				4EB0E6B8274F76F9001839F2 /* UIKit Views */,
				4E5984E7272152AF006F6A7B /* C1 */,
				4EF65CA72724B19000708A61 /* groupCreate */,
				4E7588A2270513E9004B38C1 /* GroupDetailView.swift */,
				4EAE6FD7270E14140018072C /* NoteListDebug.swift */,
				4EF893822739BC3A002C2483 /* Note */,
			);
			path = Views;
			sourceTree = "<group>";
		};
		4E1312F7270F624D00FF6A8D /* Test */ = {
			isa = PBXGroup;
			children = (
				4E131318270F626D00FF6A8D /* CoreDataTest.xcodeproj */,
			);
			path = Test;
			sourceTree = "<group>";
		};
		4E131319270F626D00FF6A8D /* Products */ = {
			isa = PBXGroup;
			children = (
				4E13131D270F626E00FF6A8D /* CoreDataTest.app */,
			);
			name = Products;
			sourceTree = "<group>";
		};
		4E13C4D226E937360089D365 /* CoreData */ = {
			isa = PBXGroup;
			children = (
				4E2D626926F9234500C079D7 /* GroupType+CoreDataClass.swift */,
				4E13C4D526E93E840089D365 /* Note+CoreDataClass.swift */,
				4E13C4D326E93E840089D365 /* NoteItem+CoreDataClass.swift */,
				4E2D626A26F9234500C079D7 /* GroupType+CoreDataProperties.swift */,
				4E13C4D626E93E840089D365 /* Note+CoreDataProperties.swift */,
				4E13C4D426E93E840089D365 /* NoteItem+CoreDataProperties.swift */,
				4E901A3726E6813C00249C15 /* BlockNote.xcdatamodeld */,
			);
			path = CoreData;
			sourceTree = "<group>";
		};
		4E5984E7272152AF006F6A7B /* C1 */ = {
			isa = PBXGroup;
			children = (
				4E101DF326EF3586009800FB /* C1NavigationView.swift */,
				4EB197A2273346D7003BDA61 /* buttonTest.swift */,
				4E5984E8272152CB006F6A7B /* C1NavViewModel.swift */,
			);
			path = C1;
			sourceTree = "<group>";
		};
		4E75D52A273C3C2700B7806D /* ItemListObject */ = {
			isa = PBXGroup;
			children = (
				4EC91E2B273A95C100174E4C /* ItemListObjectView.swift */,
				4E75D528273C3C1B00B7806D /* ItemListObjectModel.swift */,
			);
			path = ItemListObject;
			sourceTree = "<group>";
		};
		4E901A2026E6813900249C15 = {
			isa = PBXGroup;
			children = (
				4E901A2B26E6813900249C15 /* BlockNote */,
				4E1312F7270F624D00FF6A8D /* Test */,
				4E901A2A26E6813900249C15 /* Products */,
			);
			sourceTree = "<group>";
		};
		4E901A2A26E6813900249C15 /* Products */ = {
			isa = PBXGroup;
			children = (
				4E901A2926E6813900249C15 /* BlockNote.app */,
			);
			name = Products;
			sourceTree = "<group>";
		};
		4E901A2B26E6813900249C15 /* BlockNote */ = {
			isa = PBXGroup;
			children = (
				4E901A2C26E6813900249C15 /* BlockNoteApp.swift */,
				4E901A2E26E6813900249C15 /* ContentView.swift */,
				4E101DF526EF358A009800FB /* Views */,
				4EF0ABAC26FB9B69008EF8AE /* Objects */,
				4E901A3026E6813C00249C15 /* Assets.xcassets */,
				4E5984EA272158AF006F6A7B /* Extensions.swift */,
				4E901A3526E6813C00249C15 /* Persistence.swift */,
				4E901A3A26E6813C00249C15 /* Info.plist */,
				4E13C4D226E937360089D365 /* CoreData */,
				4E901A3226E6813C00249C15 /* Preview Content */,
			);
			path = BlockNote;
			sourceTree = "<group>";
		};
		4E901A3226E6813C00249C15 /* Preview Content */ = {
			isa = PBXGroup;
			children = (
				4E901A3326E6813C00249C15 /* Preview Assets.xcassets */,
			);
			path = "Preview Content";
			sourceTree = "<group>";
		};
		4EB0E6B8274F76F9001839F2 /* UIKit Views */ = {
			isa = PBXGroup;
			children = (
				4EB0E6BA274F7716001839F2 /* UINoteView.storyboard */,
				4E8FA5422750041700C6F66E /* UINoteTableViewController.swift */,
				4EF45C3027514C0100FBBAFC /* NotePage.swift */,
				4EDD39F32751590A00AEC8FC /* NotePageViewController.swift */,
				4E09EA30275424AB0033BCAD /* Test */,
			);
			path = "UIKit Views";
			sourceTree = "<group>";
		};
		4EF0ABAC26FB9B69008EF8AE /* Objects */ = {
			isa = PBXGroup;
			children = (
				4E143214270F0BBD0041A989 /* ListForGroupDetail.swift */,
				4EF0ABAA26FB9458008EF8AE /* GridObject.swift */,
				4E60007C26FD0F7800AFE192 /* BarButton.swift */,
			);
			path = Objects;
			sourceTree = "<group>";
		};
		4EF65CA72724B19000708A61 /* groupCreate */ = {
			isa = PBXGroup;
			children = (
				4ECB305D272AD5AE003B3483 /* GroupCreateView.swift */,
			);
			path = groupCreate;
			sourceTree = "<group>";
		};
		4EF893822739BC3A002C2483 /* Note */ = {
			isa = PBXGroup;
			children = (
				4E6F7744270A326700613FCE /* NoteView.swift */,
				4E21170D273E712F00A2A292 /* C1NoteView.swift */,
				4E75D52A273C3C2700B7806D /* ItemListObject */,
			);
			path = Note;
			sourceTree = "<group>";
		};
/* End PBXGroup section */

/* Begin PBXNativeTarget section */
		4E901A2826E6813900249C15 /* BlockNote */ = {
			isa = PBXNativeTarget;
			buildConfigurationList = 4E901A3D26E6813C00249C15 /* Build configuration list for PBXNativeTarget "BlockNote" */;
			buildPhases = (
				4E901A2526E6813900249C15 /* Sources */,
				4E901A2626E6813900249C15 /* Frameworks */,
				4E901A2726E6813900249C15 /* Resources */,
			);
			buildRules = (
			);
			dependencies = (
			);
			name = BlockNote;
			packageProductDependencies = (
				4EF45C2D275149AF00FBBAFC /* SwiftUIKitView */,
			);
			productName = BlockNote;
			productReference = 4E901A2926E6813900249C15 /* BlockNote.app */;
			productType = "com.apple.product-type.application";
		};
/* End PBXNativeTarget section */

/* Begin PBXProject section */
		4E901A2126E6813900249C15 /* Project object */ = {
			isa = PBXProject;
			attributes = {
				LastSwiftUpdateCheck = 1250;
				LastUpgradeCheck = 1250;
				TargetAttributes = {
					4E901A2826E6813900249C15 = {
						CreatedOnToolsVersion = 12.5;
					};
				};
			};
			buildConfigurationList = 4E901A2426E6813900249C15 /* Build configuration list for PBXProject "BlockNote" */;
			compatibilityVersion = "Xcode 9.3";
			developmentRegion = en;
			hasScannedForEncodings = 0;
			knownRegions = (
				en,
				Base,
			);
			mainGroup = 4E901A2026E6813900249C15;
			packageReferences = (
				4EF45C2C275149AF00FBBAFC /* XCRemoteSwiftPackageReference "SwiftUIKitView" */,
			);
			productRefGroup = 4E901A2A26E6813900249C15 /* Products */;
			projectDirPath = "";
			projectReferences = (
				{
					ProductGroup = 4E131319270F626D00FF6A8D /* Products */;
					ProjectRef = 4E131318270F626D00FF6A8D /* CoreDataTest.xcodeproj */;
				},
			);
			projectRoot = "";
			targets = (
				4E901A2826E6813900249C15 /* BlockNote */,
			);
		};
/* End PBXProject section */

/* Begin PBXReferenceProxy section */
		4E13131D270F626E00FF6A8D /* CoreDataTest.app */ = {
			isa = PBXReferenceProxy;
			fileType = wrapper.application;
			path = CoreDataTest.app;
			remoteRef = 4E13131C270F626E00FF6A8D /* PBXContainerItemProxy */;
			sourceTree = BUILT_PRODUCTS_DIR;
		};
/* End PBXReferenceProxy section */

/* Begin PBXResourcesBuildPhase section */
		4E901A2726E6813900249C15 /* Resources */ = {
			isa = PBXResourcesBuildPhase;
			buildActionMask = 2147483647;
			files = (
				4E901A3426E6813C00249C15 /* Preview Assets.xcassets in Resources */,
				4E901A3126E6813C00249C15 /* Assets.xcassets in Resources */,
				4EB0E6BB274F7716001839F2 /* UINoteView.storyboard in Resources */,
			);
			runOnlyForDeploymentPostprocessing = 0;
		};
/* End PBXResourcesBuildPhase section */

/* Begin PBXSourcesBuildPhase section */
		4E901A2526E6813900249C15 /* Sources */ = {
			isa = PBXSourcesBuildPhase;
			buildActionMask = 2147483647;
			files = (
				4E901A3626E6813C00249C15 /* Persistence.swift in Sources */,
				4E13C4D726E93E840089D365 /* NoteItem+CoreDataClass.swift in Sources */,
				4E09EA2E275424A60033BCAD /* NoteViewUI.swift in Sources */,
				4E901A2F26E6813900249C15 /* ContentView.swift in Sources */,
				4E75D529273C3C1B00B7806D /* ItemListObjectModel.swift in Sources */,
				4E7588A3270513E9004B38C1 /* GroupDetailView.swift in Sources */,
				4E2D626C26F9234500C079D7 /* GroupType+CoreDataProperties.swift in Sources */,
				4E901A2D26E6813900249C15 /* BlockNoteApp.swift in Sources */,
				4E5984E9272152CB006F6A7B /* C1NavViewModel.swift in Sources */,
				4E21170E273E712F00A2A292 /* C1NoteView.swift in Sources */,
				4E5984EB272158AF006F6A7B /* Extensions.swift in Sources */,
				4ECB305E272AD5AE003B3483 /* GroupCreateView.swift in Sources */,
				4EC91E2C273A95C100174E4C /* ItemListObjectView.swift in Sources */,
				4E13C4D926E93E840089D365 /* Note+CoreDataClass.swift in Sources */,
				4EB197A3273346D7003BDA61 /* buttonTest.swift in Sources */,
				4EF45C3127514C0100FBBAFC /* NotePage.swift in Sources */,
				4EDD39F42751590A00AEC8FC /* NotePageViewController.swift in Sources */,
				4EAE6FD8270E14140018072C /* NoteListDebug.swift in Sources */,
				4E901A3926E6813C00249C15 /* BlockNote.xcdatamodeld in Sources */,
				4E101DF426EF3586009800FB /* C1NavigationView.swift in Sources */,
				4E60007D26FD0F7800AFE192 /* BarButton.swift in Sources */,
				4E13C4D826E93E840089D365 /* NoteItem+CoreDataProperties.swift in Sources */,
				4E6F7745270A326700613FCE /* NoteView.swift in Sources */,
				4EF0ABAB26FB9458008EF8AE /* GridObject.swift in Sources */,
				4E13C4DA26E93E840089D365 /* Note+CoreDataProperties.swift in Sources */,
				4E8FA5432750041700C6F66E /* UINoteTableViewController.swift in Sources */,
				4E95CB602755747A0011D076 /* CellNoteView.swift in Sources */,
				4E143215270F0BBD0041A989 /* ListForGroupDetail.swift in Sources */,
				4E2D626B26F9234500C079D7 /* GroupType+CoreDataClass.swift in Sources */,
			);
			runOnlyForDeploymentPostprocessing = 0;
		};
/* End PBXSourcesBuildPhase section */

/* Begin XCBuildConfiguration section */
		4E901A3B26E6813C00249C15 /* Debug */ = {
			isa = XCBuildConfiguration;
			buildSettings = {
				ALWAYS_SEARCH_USER_PATHS = NO;
				CLANG_ANALYZER_NONNULL = YES;
				CLANG_ANALYZER_NUMBER_OBJECT_CONVERSION = YES_AGGRESSIVE;
				CLANG_CXX_LANGUAGE_STANDARD = "gnu++14";
				CLANG_CXX_LIBRARY = "libc++";
				CLANG_ENABLE_MODULES = YES;
				CLANG_ENABLE_OBJC_ARC = YES;
				CLANG_ENABLE_OBJC_WEAK = YES;
				CLANG_WARN_BLOCK_CAPTURE_AUTORELEASING = YES;
				CLANG_WARN_BOOL_CONVERSION = YES;
				CLANG_WARN_COMMA = YES;
				CLANG_WARN_CONSTANT_CONVERSION = YES;
				CLANG_WARN_DEPRECATED_OBJC_IMPLEMENTATIONS = YES;
				CLANG_WARN_DIRECT_OBJC_ISA_USAGE = YES_ERROR;
				CLANG_WARN_DOCUMENTATION_COMMENTS = YES;
				CLANG_WARN_EMPTY_BODY = YES;
				CLANG_WARN_ENUM_CONVERSION = YES;
				CLANG_WARN_INFINITE_RECURSION = YES;
				CLANG_WARN_INT_CONVERSION = YES;
				CLANG_WARN_NON_LITERAL_NULL_CONVERSION = YES;
				CLANG_WARN_OBJC_IMPLICIT_RETAIN_SELF = YES;
				CLANG_WARN_OBJC_LITERAL_CONVERSION = YES;
				CLANG_WARN_OBJC_ROOT_CLASS = YES_ERROR;
				CLANG_WARN_QUOTED_INCLUDE_IN_FRAMEWORK_HEADER = YES;
				CLANG_WARN_RANGE_LOOP_ANALYSIS = YES;
				CLANG_WARN_STRICT_PROTOTYPES = YES;
				CLANG_WARN_SUSPICIOUS_MOVE = YES;
				CLANG_WARN_UNGUARDED_AVAILABILITY = YES_AGGRESSIVE;
				CLANG_WARN_UNREACHABLE_CODE = YES;
				CLANG_WARN__DUPLICATE_METHOD_MATCH = YES;
				COPY_PHASE_STRIP = NO;
				DEBUG_INFORMATION_FORMAT = dwarf;
				ENABLE_STRICT_OBJC_MSGSEND = YES;
				ENABLE_TESTABILITY = YES;
				GCC_C_LANGUAGE_STANDARD = gnu11;
				GCC_DYNAMIC_NO_PIC = NO;
				GCC_NO_COMMON_BLOCKS = YES;
				GCC_OPTIMIZATION_LEVEL = 0;
				GCC_PREPROCESSOR_DEFINITIONS = (
					"DEBUG=1",
					"$(inherited)",
				);
				GCC_WARN_64_TO_32_BIT_CONVERSION = YES;
				GCC_WARN_ABOUT_RETURN_TYPE = YES_ERROR;
				GCC_WARN_UNDECLARED_SELECTOR = YES;
				GCC_WARN_UNINITIALIZED_AUTOS = YES_AGGRESSIVE;
				GCC_WARN_UNUSED_FUNCTION = YES;
				GCC_WARN_UNUSED_VARIABLE = YES;
				IPHONEOS_DEPLOYMENT_TARGET = 15.0;
				MTL_ENABLE_DEBUG_INFO = INCLUDE_SOURCE;
				MTL_FAST_MATH = YES;
				ONLY_ACTIVE_ARCH = YES;
				SDKROOT = iphoneos;
				SWIFT_ACTIVE_COMPILATION_CONDITIONS = DEBUG;
				SWIFT_OPTIMIZATION_LEVEL = "-Onone";
			};
			name = Debug;
		};
		4E901A3C26E6813C00249C15 /* Release */ = {
			isa = XCBuildConfiguration;
			buildSettings = {
				ALWAYS_SEARCH_USER_PATHS = NO;
				CLANG_ANALYZER_NONNULL = YES;
				CLANG_ANALYZER_NUMBER_OBJECT_CONVERSION = YES_AGGRESSIVE;
				CLANG_CXX_LANGUAGE_STANDARD = "gnu++14";
				CLANG_CXX_LIBRARY = "libc++";
				CLANG_ENABLE_MODULES = YES;
				CLANG_ENABLE_OBJC_ARC = YES;
				CLANG_ENABLE_OBJC_WEAK = YES;
				CLANG_WARN_BLOCK_CAPTURE_AUTORELEASING = YES;
				CLANG_WARN_BOOL_CONVERSION = YES;
				CLANG_WARN_COMMA = YES;
				CLANG_WARN_CONSTANT_CONVERSION = YES;
				CLANG_WARN_DEPRECATED_OBJC_IMPLEMENTATIONS = YES;
				CLANG_WARN_DIRECT_OBJC_ISA_USAGE = YES_ERROR;
				CLANG_WARN_DOCUMENTATION_COMMENTS = YES;
				CLANG_WARN_EMPTY_BODY = YES;
				CLANG_WARN_ENUM_CONVERSION = YES;
				CLANG_WARN_INFINITE_RECURSION = YES;
				CLANG_WARN_INT_CONVERSION = YES;
				CLANG_WARN_NON_LITERAL_NULL_CONVERSION = YES;
				CLANG_WARN_OBJC_IMPLICIT_RETAIN_SELF = YES;
				CLANG_WARN_OBJC_LITERAL_CONVERSION = YES;
				CLANG_WARN_OBJC_ROOT_CLASS = YES_ERROR;
				CLANG_WARN_QUOTED_INCLUDE_IN_FRAMEWORK_HEADER = YES;
				CLANG_WARN_RANGE_LOOP_ANALYSIS = YES;
				CLANG_WARN_STRICT_PROTOTYPES = YES;
				CLANG_WARN_SUSPICIOUS_MOVE = YES;
				CLANG_WARN_UNGUARDED_AVAILABILITY = YES_AGGRESSIVE;
				CLANG_WARN_UNREACHABLE_CODE = YES;
				CLANG_WARN__DUPLICATE_METHOD_MATCH = YES;
				COPY_PHASE_STRIP = NO;
				DEBUG_INFORMATION_FORMAT = "dwarf-with-dsym";
				ENABLE_NS_ASSERTIONS = NO;
				ENABLE_STRICT_OBJC_MSGSEND = YES;
				GCC_C_LANGUAGE_STANDARD = gnu11;
				GCC_NO_COMMON_BLOCKS = YES;
				GCC_WARN_64_TO_32_BIT_CONVERSION = YES;
				GCC_WARN_ABOUT_RETURN_TYPE = YES_ERROR;
				GCC_WARN_UNDECLARED_SELECTOR = YES;
				GCC_WARN_UNINITIALIZED_AUTOS = YES_AGGRESSIVE;
				GCC_WARN_UNUSED_FUNCTION = YES;
				GCC_WARN_UNUSED_VARIABLE = YES;
				IPHONEOS_DEPLOYMENT_TARGET = 15.0;
				MTL_ENABLE_DEBUG_INFO = NO;
				MTL_FAST_MATH = YES;
				SDKROOT = iphoneos;
				SWIFT_COMPILATION_MODE = wholemodule;
				SWIFT_OPTIMIZATION_LEVEL = "-O";
				VALIDATE_PRODUCT = YES;
			};
			name = Release;
		};
		4E901A3E26E6813C00249C15 /* Debug */ = {
			isa = XCBuildConfiguration;
			buildSettings = {
				ASSETCATALOG_COMPILER_APPICON_NAME = AppIcon;
				ASSETCATALOG_COMPILER_GLOBAL_ACCENT_COLOR_NAME = AccentColor;
				CODE_SIGN_STYLE = Automatic;
				DEVELOPMENT_ASSET_PATHS = "\"BlockNote/Preview Content\"";
				DEVELOPMENT_TEAM = 5PVHGUKPAW;
				ENABLE_PREVIEWS = YES;
				INFOPLIST_FILE = BlockNote/Info.plist;
				IPHONEOS_DEPLOYMENT_TARGET = 15.0;
				LD_RUNPATH_SEARCH_PATHS = (
					"$(inherited)",
					"@executable_path/Frameworks",
				);
				MARKETING_VERSION = 1.0.2;
				PRODUCT_BUNDLE_IDENTIFIER = CodingKovs.BlockNote;
				PRODUCT_NAME = "$(TARGET_NAME)";
				SWIFT_VERSION = 5.0;
				TARGETED_DEVICE_FAMILY = "1,2";
			};
			name = Debug;
		};
		4E901A3F26E6813C00249C15 /* Release */ = {
			isa = XCBuildConfiguration;
			buildSettings = {
				ASSETCATALOG_COMPILER_APPICON_NAME = AppIcon;
				ASSETCATALOG_COMPILER_GLOBAL_ACCENT_COLOR_NAME = AccentColor;
				CODE_SIGN_STYLE = Automatic;
				DEVELOPMENT_ASSET_PATHS = "\"BlockNote/Preview Content\"";
				DEVELOPMENT_TEAM = 5PVHGUKPAW;
				ENABLE_PREVIEWS = YES;
				INFOPLIST_FILE = BlockNote/Info.plist;
				IPHONEOS_DEPLOYMENT_TARGET = 15.0;
				LD_RUNPATH_SEARCH_PATHS = (
					"$(inherited)",
					"@executable_path/Frameworks",
				);
				MARKETING_VERSION = 1.0.2;
				PRODUCT_BUNDLE_IDENTIFIER = CodingKovs.BlockNote;
				PRODUCT_NAME = "$(TARGET_NAME)";
				SWIFT_VERSION = 5.0;
				TARGETED_DEVICE_FAMILY = "1,2";
			};
			name = Release;
		};
/* End XCBuildConfiguration section */

/* Begin XCConfigurationList section */
		4E901A2426E6813900249C15 /* Build configuration list for PBXProject "BlockNote" */ = {
			isa = XCConfigurationList;
			buildConfigurations = (
				4E901A3B26E6813C00249C15 /* Debug */,
				4E901A3C26E6813C00249C15 /* Release */,
			);
			defaultConfigurationIsVisible = 0;
			defaultConfigurationName = Release;
		};
		4E901A3D26E6813C00249C15 /* Build configuration list for PBXNativeTarget "BlockNote" */ = {
			isa = XCConfigurationList;
			buildConfigurations = (
				4E901A3E26E6813C00249C15 /* Debug */,
				4E901A3F26E6813C00249C15 /* Release */,
			);
			defaultConfigurationIsVisible = 0;
			defaultConfigurationName = Release;
		};
/* End XCConfigurationList section */

/* Begin XCRemoteSwiftPackageReference section */
		4EF45C2C275149AF00FBBAFC /* XCRemoteSwiftPackageReference "SwiftUIKitView" */ = {
			isa = XCRemoteSwiftPackageReference;
			repositoryURL = "https://github.com/AvdLee/SwiftUIKitView";
			requirement = {
				kind = upToNextMajorVersion;
				minimumVersion = 1.0.0;
			};
		};
/* End XCRemoteSwiftPackageReference section */

/* Begin XCSwiftPackageProductDependency section */
		4EF45C2D275149AF00FBBAFC /* SwiftUIKitView */ = {
			isa = XCSwiftPackageProductDependency;
			package = 4EF45C2C275149AF00FBBAFC /* XCRemoteSwiftPackageReference "SwiftUIKitView" */;
			productName = SwiftUIKitView;
		};
/* End XCSwiftPackageProductDependency section */

/* Begin XCVersionGroup section */
		4E901A3726E6813C00249C15 /* BlockNote.xcdatamodeld */ = {
			isa = XCVersionGroup;
			children = (
				4E901A3826E6813C00249C15 /* BlockNote.xcdatamodel */,
			);
			currentVersion = 4E901A3826E6813C00249C15 /* BlockNote.xcdatamodel */;
			path = BlockNote.xcdatamodeld;
			sourceTree = "<group>";
			versionGroupType = wrapper.xcdatamodel;
		};
/* End XCVersionGroup section */
	};
	rootObject = 4E901A2126E6813900249C15 /* Project object */;
}
